
Microsoft Visual Studio Solution File, Format Version 12.00
# Visual Studio Version 16
VisualStudioVersion = 16.0.30406.217
MinimumVisualStudioVersion = 10.0.40219.1
Project("{9A19103F-16F7-4668-BE54-9A1E7A4F7556}") = "SeekQ.Identity", "SeekQ.Identity\SeekQ.Identity.csproj", "{353E6EEC-3464-429D-B427-B827C921D80B}"
EndProject
Project("{9A19103F-16F7-4668-BE54-9A1E7A4F7556}") = "App.Common", "..\App.Common\App.Common\App.Common.csproj", "{8B223CCB-E1B1-432D-BF14-74E8D22772BC}"
EndProject
Project("{E53339B2-1760-4266-BCC7-CA923CBCF16C}") = "docker-compose", "docker-compose.dcproj", "{1D312A2E-E420-45AC-8044-06A33D1B0E39}"
EndProject
Project("{2150E333-8FDC-42A3-9474-1A3956D46DE8}") = "BuldingBlocks", "BuldingBlocks", "{2F7492F1-5DF6-404F-A227-A52A13D1CA9C}"
EndProject
Project("{2150E333-8FDC-42A3-9474-1A3956D46DE8}") = "Services", "Services", "{5AC44EFC-3B12-4359-8B58-8DBA9F421714}"
EndProject
Global
	GlobalSection(SolutionConfigurationPlatforms) = preSolution
		Debug|Any CPU = Debug|Any CPU
		Release|Any CPU = Release|Any CPU
	EndGlobalSection
	GlobalSection(ProjectConfigurationPlatforms) = postSolution
		{353E6EEC-3464-429D-B427-B827C921D80B}.Debug|Any CPU.ActiveCfg = Debug|Any CPU
		{353E6EEC-3464-429D-B427-B827C921D80B}.Debug|Any CPU.Build.0 = Debug|Any CPU
		{353E6EEC-3464-429D-B427-B827C921D80B}.Release|Any CPU.ActiveCfg = Release|Any CPU
		{353E6EEC-3464-429D-B427-B827C921D80B}.Release|Any CPU.Build.0 = Release|Any CPU
		{8B223CCB-E1B1-432D-BF14-74E8D22772BC}.Debug|Any CPU.ActiveCfg = Debug|Any CPU
		{8B223CCB-E1B1-432D-BF14-74E8D22772BC}.Debug|Any CPU.Build.0 = Debug|Any CPU
		{8B223CCB-E1B1-432D-BF14-74E8D22772BC}.Release|Any CPU.ActiveCfg = Release|Any CPU
		{8B223CCB-E1B1-432D-BF14-74E8D22772BC}.Release|Any CPU.Build.0 = Release|Any CPU
		{1D312A2E-E420-45AC-8044-06A33D1B0E39}.Debug|Any CPU.ActiveCfg = Debug|Any CPU
		{1D312A2E-E420-45AC-8044-06A33D1B0E39}.Debug|Any CPU.Build.0 = Debug|Any CPU
		{1D312A2E-E420-45AC-8044-06A33D1B0E39}.Release|Any CPU.ActiveCfg = Release|Any CPU
		{1D312A2E-E420-45AC-8044-06A33D1B0E39}.Release|Any CPU.Build.0 = Release|Any CPU
	EndGlobalSection
	GlobalSection(SolutionProperties) = preSolution
		HideSolutionNode = FALSE
	EndGlobalSection
	GlobalSection(NestedProjects) = preSolution
		{353E6EEC-3464-429D-B427-B827C921D80B} = {5AC44EFC-3B12-4359-8B58-8DBA9F421714}
		{8B223CCB-E1B1-432D-BF14-74E8D22772BC} = {2F7492F1-5DF6-404F-A227-A52A13D1CA9C}
	EndGlobalSection
	GlobalSection(ExtensibilityGlobals) = postSolution
		SolutionGuid = {48AD99FC-34F5-49BB-89FE-5188A269EF60}
	EndGlobalSection
EndGlobal
